
Microsoft Visual Studio Solution File, Format Version 12.00
# Visual Studio Version 17
VisualStudioVersion = 17.5.33516.290
MinimumVisualStudioVersion = 10.0.40219.1
Project("{9A19103F-16F7-4668-BE54-9A1E7A4F7556}") = "AspNetStatic", "AspNetStatic\AspNetStatic.csproj", "{2AD4AA38-C755-4B72-875C-82AEA6BAB545}"
EndProject
Project("{9A19103F-16F7-4668-BE54-9A1E7A4F7556}") = "Tests.AspNetStatic", "Tests.AspNetStatic\Tests.AspNetStatic.csproj", "{CD0E1FBC-FE3C-4BD1-AA43-B2E5DDE8D35F}"
EndProject
Project("{9A19103F-16F7-4668-BE54-9A1E7A4F7556}") = "Sample.PartialStaticSite", "Samples\PartialStaticSite\Sample.PartialStaticSite.csproj", "{6E732A86-93A6-4BD9-A315-ED22BB62489B}"
EndProject
Project("{2150E333-8FDC-42A3-9474-1A3956D46DE8}") = ".sln", ".sln", "{907E4848-AED3-4A3E-8931-8A0E81B6FF78}"
	ProjectSection(SolutionItems) = preProject
		..\.gitignore = ..\.gitignore
		..\LICENSE = ..\LICENSE
		..\Readme.md = ..\Readme.md
	EndProjectSection
EndProject
Project("{9A19103F-16F7-4668-BE54-9A1E7A4F7556}") = "Sample.BlazorSSG", "Samples\BlazorSSG\Sample.BlazorSSG.csproj", "{EDD95B43-99CB-4BD8-B58E-FDA4402BEA30}"
EndProject
Project("{FAE04EC0-301F-11D3-BF4B-00C04F79EFBC}") = "AspNetStaticContrib", "AspNetStaticContrib\AspNetStaticContrib.csproj", "{69EBC1EF-1936-4D13-842C-DC147D7FF730}"
EndProject
Global
	GlobalSection(SolutionConfigurationPlatforms) = preSolution
		Debug|Any CPU = Debug|Any CPU
		Release|Any CPU = Release|Any CPU
	EndGlobalSection
	GlobalSection(ProjectConfigurationPlatforms) = postSolution
		{2AD4AA38-C755-4B72-875C-82AEA6BAB545}.Debug|Any CPU.ActiveCfg = Debug|Any CPU
		{2AD4AA38-C755-4B72-875C-82AEA6BAB545}.Debug|Any CPU.Build.0 = Debug|Any CPU
		{2AD4AA38-C755-4B72-875C-82AEA6BAB545}.Release|Any CPU.ActiveCfg = Release|Any CPU
		{2AD4AA38-C755-4B72-875C-82AEA6BAB545}.Release|Any CPU.Build.0 = Release|Any CPU
		{CD0E1FBC-FE3C-4BD1-AA43-B2E5DDE8D35F}.Debug|Any CPU.ActiveCfg = Debug|Any CPU
		{CD0E1FBC-FE3C-4BD1-AA43-B2E5DDE8D35F}.Debug|Any CPU.Build.0 = Debug|Any CPU
		{CD0E1FBC-FE3C-4BD1-AA43-B2E5DDE8D35F}.Release|Any CPU.ActiveCfg = Release|Any CPU
		{CD0E1FBC-FE3C-4BD1-AA43-B2E5DDE8D35F}.Release|Any CPU.Build.0 = Release|Any CPU
		{6E732A86-93A6-4BD9-A315-ED22BB62489B}.Debug|Any CPU.ActiveCfg = Debug|Any CPU
		{6E732A86-93A6-4BD9-A315-ED22BB62489B}.Debug|Any CPU.Build.0 = Debug|Any CPU
		{6E732A86-93A6-4BD9-A315-ED22BB62489B}.Release|Any CPU.ActiveCfg = Release|Any CPU
		{6E732A86-93A6-4BD9-A315-ED22BB62489B}.Release|Any CPU.Build.0 = Release|Any CPU
		{EDD95B43-99CB-4BD8-B58E-FDA4402BEA30}.Debug|Any CPU.ActiveCfg = Debug|Any CPU
		{EDD95B43-99CB-4BD8-B58E-FDA4402BEA30}.Debug|Any CPU.Build.0 = Debug|Any CPU
		{EDD95B43-99CB-4BD8-B58E-FDA4402BEA30}.Release|Any CPU.ActiveCfg = Release|Any CPU
		{EDD95B43-99CB-4BD8-B58E-FDA4402BEA30}.Release|Any CPU.Build.0 = Release|Any CPU
		{69EBC1EF-1936-4D13-842C-DC147D7FF730}.Debug|Any CPU.ActiveCfg = Debug|Any CPU
		{69EBC1EF-1936-4D13-842C-DC147D7FF730}.Debug|Any CPU.Build.0 = Debug|Any CPU
		{69EBC1EF-1936-4D13-842C-DC147D7FF730}.Release|Any CPU.ActiveCfg = Release|Any CPU
		{69EBC1EF-1936-4D13-842C-DC147D7FF730}.Release|Any CPU.Build.0 = Release|Any CPU
	EndGlobalSection
	GlobalSection(SolutionProperties) = preSolution
		HideSolutionNode = FALSE
	EndGlobalSection
	GlobalSection(ExtensibilityGlobals) = postSolution
		SolutionGuid = {E57B1E3C-DC13-4982-9DB4-AB111B784EDF}
	EndGlobalSection
EndGlobal
